// !$*UTF8*$!
{
	archiveVersion = 1;
	classes = {
	};
	objectVersion = 56;
	objects = {

/* Begin PBXBuildFile section */
		1D4E0DC32B071D490001F06A /* MyProfileViewController.swift in Sources */ = {isa = PBXBuildFile; fileRef = 1D4E0DC22B071D490001F06A /* MyProfileViewController.swift */; };
		1D4E0DC52B071D590001F06A /* MyProfielView.swift in Sources */ = {isa = PBXBuildFile; fileRef = 1D4E0DC42B071D590001F06A /* MyProfielView.swift */; };
		1D4E0DC82B071E370001F06A /* TabNavBarViewController.swift in Sources */ = {isa = PBXBuildFile; fileRef = 1D4E0DC72B071E370001F06A /* TabNavBarViewController.swift */; };
		1D4E0DCA2B071F130001F06A /* MyEventViewController.swift in Sources */ = {isa = PBXBuildFile; fileRef = 1D4E0DC92B071F130001F06A /* MyEventViewController.swift */; };
		1D4E0DCC2B071F220001F06A /* MyEventView.swift in Sources */ = {isa = PBXBuildFile; fileRef = 1D4E0DCB2B071F220001F06A /* MyEventView.swift */; };
		1D4E0DCE2B071F4B0001F06A /* CommunityView.swift in Sources */ = {isa = PBXBuildFile; fileRef = 1D4E0DCD2B071F4B0001F06A /* CommunityView.swift */; };
		1D4E0DD02B071F590001F06A /* CommunityViewController.swift in Sources */ = {isa = PBXBuildFile; fileRef = 1D4E0DCF2B071F590001F06A /* CommunityViewController.swift */; };
		F33364A82B07E90600905648 /* GoogleService-Info.plist in Resources */ = {isa = PBXBuildFile; fileRef = F33364A72B07E90500905648 /* GoogleService-Info.plist */; };
		F33364AB2B07EBF500905648 /* FirebaseAuth in Frameworks */ = {isa = PBXBuildFile; productRef = F33364AA2B07EBF500905648 /* FirebaseAuth */; };
		F33364AD2B07EBF500905648 /* FirebaseFirestore in Frameworks */ = {isa = PBXBuildFile; productRef = F33364AC2B07EBF500905648 /* FirebaseFirestore */; };
		F33364AF2B07EBF500905648 /* FirebaseFirestoreSwift in Frameworks */ = {isa = PBXBuildFile; productRef = F33364AE2B07EBF500905648 /* FirebaseFirestoreSwift */; };
		F33364B12B07EBF500905648 /* FirebaseStorage in Frameworks */ = {isa = PBXBuildFile; productRef = F33364B02B07EBF500905648 /* FirebaseStorage */; };
		F33364B52B07FAB800905648 /* SignupFirebaseManager.swift in Sources */ = {isa = PBXBuildFile; fileRef = F33364B42B07FAB800905648 /* SignupFirebaseManager.swift */; };
		F3841CDF2B06970300152382 /* AppDelegate.swift in Sources */ = {isa = PBXBuildFile; fileRef = F3841CDE2B06970300152382 /* AppDelegate.swift */; };
		F3841CE12B06970300152382 /* SceneDelegate.swift in Sources */ = {isa = PBXBuildFile; fileRef = F3841CE02B06970300152382 /* SceneDelegate.swift */; };
		F3841CE32B06970300152382 /* ViewController.swift in Sources */ = {isa = PBXBuildFile; fileRef = F3841CE22B06970300152382 /* ViewController.swift */; };
		F3841CE62B06970300152382 /* Main.storyboard in Resources */ = {isa = PBXBuildFile; fileRef = F3841CE42B06970300152382 /* Main.storyboard */; };
		F3841CE82B06970500152382 /* Assets.xcassets in Resources */ = {isa = PBXBuildFile; fileRef = F3841CE72B06970500152382 /* Assets.xcassets */; };
		F3841CEB2B06970500152382 /* LaunchScreen.storyboard in Resources */ = {isa = PBXBuildFile; fileRef = F3841CE92B06970500152382 /* LaunchScreen.storyboard */; };
		F3841CF32B0698CB00152382 /* README.md in Resources */ = {isa = PBXBuildFile; fileRef = F3841CF22B0698CA00152382 /* README.md */; };
		F3841CF52B069A9800152382 /* LandingView.swift in Sources */ = {isa = PBXBuildFile; fileRef = F3841CF42B069A9800152382 /* LandingView.swift */; };
		F3841CF82B06A0F200152382 /* SigninView.swift in Sources */ = {isa = PBXBuildFile; fileRef = F3841CF72B06A0F200152382 /* SigninView.swift */; };
		F3841CFA2B06A16D00152382 /* SigninViewController.swift in Sources */ = {isa = PBXBuildFile; fileRef = F3841CF92B06A16D00152382 /* SigninViewController.swift */; };
		F3841CFD2B06A38D00152382 /* SignupViewController.swift in Sources */ = {isa = PBXBuildFile; fileRef = F3841CFC2B06A38D00152382 /* SignupViewController.swift */; };
		F3841CFF2B06A39D00152382 /* SignupView.swift in Sources */ = {isa = PBXBuildFile; fileRef = F3841CFE2B06A39D00152382 /* SignupView.swift */; };
		F3B260472B0804DF007ACD5D /* Utilities.swift in Sources */ = {isa = PBXBuildFile; fileRef = F3B260462B0804DF007ACD5D /* Utilities.swift */; };
/* End PBXBuildFile section */

/* Begin PBXFileReference section */
		1D4E0DC22B071D490001F06A /* MyProfileViewController.swift */ = {isa = PBXFileReference; lastKnownFileType = sourcecode.swift; path = MyProfileViewController.swift; sourceTree = "<group>"; };
		1D4E0DC42B071D590001F06A /* MyProfielView.swift */ = {isa = PBXFileReference; lastKnownFileType = sourcecode.swift; path = MyProfielView.swift; sourceTree = "<group>"; };
		1D4E0DC72B071E370001F06A /* TabNavBarViewController.swift */ = {isa = PBXFileReference; lastKnownFileType = sourcecode.swift; path = TabNavBarViewController.swift; sourceTree = "<group>"; };
		1D4E0DC92B071F130001F06A /* MyEventViewController.swift */ = {isa = PBXFileReference; lastKnownFileType = sourcecode.swift; path = MyEventViewController.swift; sourceTree = "<group>"; };
		1D4E0DCB2B071F220001F06A /* MyEventView.swift */ = {isa = PBXFileReference; lastKnownFileType = sourcecode.swift; path = MyEventView.swift; sourceTree = "<group>"; };
		1D4E0DCD2B071F4B0001F06A /* CommunityView.swift */ = {isa = PBXFileReference; lastKnownFileType = sourcecode.swift; path = CommunityView.swift; sourceTree = "<group>"; };
		1D4E0DCF2B071F590001F06A /* CommunityViewController.swift */ = {isa = PBXFileReference; lastKnownFileType = sourcecode.swift; path = CommunityViewController.swift; sourceTree = "<group>"; };
		F33364A72B07E90500905648 /* GoogleService-Info.plist */ = {isa = PBXFileReference; fileEncoding = 4; lastKnownFileType = text.plist.xml; path = "GoogleService-Info.plist"; sourceTree = "<group>"; };
		F33364B42B07FAB800905648 /* SignupFirebaseManager.swift */ = {isa = PBXFileReference; lastKnownFileType = sourcecode.swift; path = SignupFirebaseManager.swift; sourceTree = "<group>"; };
		F3841CDB2B06970300152382 /* HuskyTeamMatch_final.app */ = {isa = PBXFileReference; explicitFileType = wrapper.application; includeInIndex = 0; path = HuskyTeamMatch_final.app; sourceTree = BUILT_PRODUCTS_DIR; };
		F3841CDE2B06970300152382 /* AppDelegate.swift */ = {isa = PBXFileReference; lastKnownFileType = sourcecode.swift; path = AppDelegate.swift; sourceTree = "<group>"; };
		F3841CE02B06970300152382 /* SceneDelegate.swift */ = {isa = PBXFileReference; lastKnownFileType = sourcecode.swift; path = SceneDelegate.swift; sourceTree = "<group>"; };
		F3841CE22B06970300152382 /* ViewController.swift */ = {isa = PBXFileReference; lastKnownFileType = sourcecode.swift; path = ViewController.swift; sourceTree = "<group>"; };
		F3841CE52B06970300152382 /* Base */ = {isa = PBXFileReference; lastKnownFileType = file.storyboard; name = Base; path = Base.lproj/Main.storyboard; sourceTree = "<group>"; };
		F3841CE72B06970500152382 /* Assets.xcassets */ = {isa = PBXFileReference; lastKnownFileType = folder.assetcatalog; path = Assets.xcassets; sourceTree = "<group>"; };
		F3841CEA2B06970500152382 /* Base */ = {isa = PBXFileReference; lastKnownFileType = file.storyboard; name = Base; path = Base.lproj/LaunchScreen.storyboard; sourceTree = "<group>"; };
		F3841CEC2B06970500152382 /* Info.plist */ = {isa = PBXFileReference; lastKnownFileType = text.plist.xml; path = Info.plist; sourceTree = "<group>"; };
		F3841CF22B0698CA00152382 /* README.md */ = {isa = PBXFileReference; fileEncoding = 4; lastKnownFileType = net.daringfireball.markdown; path = README.md; sourceTree = SOURCE_ROOT; };
		F3841CF42B069A9800152382 /* LandingView.swift */ = {isa = PBXFileReference; lastKnownFileType = sourcecode.swift; path = LandingView.swift; sourceTree = "<group>"; };
		F3841CF72B06A0F200152382 /* SigninView.swift */ = {isa = PBXFileReference; lastKnownFileType = sourcecode.swift; path = SigninView.swift; sourceTree = "<group>"; };
		F3841CF92B06A16D00152382 /* SigninViewController.swift */ = {isa = PBXFileReference; lastKnownFileType = sourcecode.swift; path = SigninViewController.swift; sourceTree = "<group>"; };
		F3841CFC2B06A38D00152382 /* SignupViewController.swift */ = {isa = PBXFileReference; lastKnownFileType = sourcecode.swift; path = SignupViewController.swift; sourceTree = "<group>"; };
		F3841CFE2B06A39D00152382 /* SignupView.swift */ = {isa = PBXFileReference; lastKnownFileType = sourcecode.swift; path = SignupView.swift; sourceTree = "<group>"; };
		F3B260462B0804DF007ACD5D /* Utilities.swift */ = {isa = PBXFileReference; lastKnownFileType = sourcecode.swift; path = Utilities.swift; sourceTree = "<group>"; };
/* End PBXFileReference section */

/* Begin PBXFrameworksBuildPhase section */
		F3841CD82B06970300152382 /* Frameworks */ = {
			isa = PBXFrameworksBuildPhase;
			buildActionMask = 2147483647;
			files = (
				F33364AB2B07EBF500905648 /* FirebaseAuth in Frameworks */,
				F33364B12B07EBF500905648 /* FirebaseStorage in Frameworks */,
				F33364AD2B07EBF500905648 /* FirebaseFirestore in Frameworks */,
				F33364AF2B07EBF500905648 /* FirebaseFirestoreSwift in Frameworks */,
			);
			runOnlyForDeploymentPostprocessing = 0;
		};
/* End PBXFrameworksBuildPhase section */

/* Begin PBXGroup section */
		1D4E0DBF2B071D0F0001F06A /* MyEvent Screen */ = {
			isa = PBXGroup;
			children = (
				1D4E0DC92B071F130001F06A /* MyEventViewController.swift */,
				1D4E0DCB2B071F220001F06A /* MyEventView.swift */,
			);
			path = "MyEvent Screen";
			sourceTree = "<group>";
		};
		1D4E0DC02B071D1B0001F06A /* Community Screen */ = {
			isa = PBXGroup;
			children = (
				1D4E0DCD2B071F4B0001F06A /* CommunityView.swift */,
				1D4E0DCF2B071F590001F06A /* CommunityViewController.swift */,
			);
			path = "Community Screen";
			sourceTree = "<group>";
		};
		1D4E0DC12B071D250001F06A /* Profile Screen */ = {
			isa = PBXGroup;
			children = (
				1D4E0DC22B071D490001F06A /* MyProfileViewController.swift */,
				1D4E0DC42B071D590001F06A /* MyProfielView.swift */,
			);
			path = "Profile Screen";
			sourceTree = "<group>";
		};
		1D4E0DC62B071DF50001F06A /* TabNav Bar */ = {
			isa = PBXGroup;
			children = (
				1D4E0DC72B071E370001F06A /* TabNavBarViewController.swift */,
			);
			path = "TabNav Bar";
			sourceTree = "<group>";
		};
		F3841CD22B06970300152382 = {
			isa = PBXGroup;
			children = (
				F3841CDD2B06970300152382 /* HuskyTeamMatch_final */,
				F3841CDC2B06970300152382 /* Products */,
			);
			sourceTree = "<group>";
		};
		F3841CDC2B06970300152382 /* Products */ = {
			isa = PBXGroup;
			children = (
				F3841CDB2B06970300152382 /* HuskyTeamMatch_final.app */,
			);
			name = Products;
			sourceTree = "<group>";
		};
		F3841CDD2B06970300152382 /* HuskyTeamMatch_final */ = {
			isa = PBXGroup;
			children = (
				1D4E0DC62B071DF50001F06A /* TabNav Bar */,
				1D4E0DC12B071D250001F06A /* Profile Screen */,
				1D4E0DC02B071D1B0001F06A /* Community Screen */,
				1D4E0DBF2B071D0F0001F06A /* MyEvent Screen */,
				F3841D002B06A3A400152382 /* SignupPage */,
				F3841CFB2B06A26D00152382 /* SigninPage */,
				F3841CF62B069C0A00152382 /* LandingPage */,
				F3841CDE2B06970300152382 /* AppDelegate.swift */,
				F3841CE02B06970300152382 /* SceneDelegate.swift */,
				F3841CE42B06970300152382 /* Main.storyboard */,
				F3841CE72B06970500152382 /* Assets.xcassets */,
				F3841CE92B06970500152382 /* LaunchScreen.storyboard */,
				F3841CF22B0698CA00152382 /* README.md */,
				F3841CEC2B06970500152382 /* Info.plist */,
				F33364A72B07E90500905648 /* GoogleService-Info.plist */,
				F3B260462B0804DF007ACD5D /* Utilities.swift */,
			);
			path = HuskyTeamMatch_final;
			sourceTree = "<group>";
		};
		F3841CF62B069C0A00152382 /* LandingPage */ = {
			isa = PBXGroup;
			children = (
				F3841CE22B06970300152382 /* ViewController.swift */,
				F3841CF42B069A9800152382 /* LandingView.swift */,
			);
			path = LandingPage;
			sourceTree = "<group>";
		};
		F3841CFB2B06A26D00152382 /* SigninPage */ = {
			isa = PBXGroup;
			children = (
				F3841CF72B06A0F200152382 /* SigninView.swift */,
				F3841CF92B06A16D00152382 /* SigninViewController.swift */,
			);
			path = SigninPage;
			sourceTree = "<group>";
		};
		F3841D002B06A3A400152382 /* SignupPage */ = {
			isa = PBXGroup;
			children = (
				F3841CFC2B06A38D00152382 /* SignupViewController.swift */,
				F3841CFE2B06A39D00152382 /* SignupView.swift */,
				F33364B42B07FAB800905648 /* SignupFirebaseManager.swift */,
			);
			path = SignupPage;
			sourceTree = "<group>";
		};
/* End PBXGroup section */

/* Begin PBXNativeTarget section */
		F3841CDA2B06970300152382 /* HuskyTeamMatch_final */ = {
			isa = PBXNativeTarget;
			buildConfigurationList = F3841CEF2B06970500152382 /* Build configuration list for PBXNativeTarget "HuskyTeamMatch_final" */;
			buildPhases = (
				F3841CD72B06970300152382 /* Sources */,
				F3841CD82B06970300152382 /* Frameworks */,
				F3841CD92B06970300152382 /* Resources */,
			);
			buildRules = (
			);
			dependencies = (
			);
			name = HuskyTeamMatch_final;
			packageProductDependencies = (
				F33364AA2B07EBF500905648 /* FirebaseAuth */,
				F33364AC2B07EBF500905648 /* FirebaseFirestore */,
				F33364AE2B07EBF500905648 /* FirebaseFirestoreSwift */,
				F33364B02B07EBF500905648 /* FirebaseStorage */,
			);
			productName = HuskyTeamMatch_final;
			productReference = F3841CDB2B06970300152382 /* HuskyTeamMatch_final.app */;
			productType = "com.apple.product-type.application";
		};
/* End PBXNativeTarget section */

/* Begin PBXProject section */
		F3841CD32B06970300152382 /* Project object */ = {
			isa = PBXProject;
			attributes = {
				BuildIndependentTargetsInParallel = 1;
				LastSwiftUpdateCheck = 1430;
				LastUpgradeCheck = 1430;
				TargetAttributes = {
					F3841CDA2B06970300152382 = {
						CreatedOnToolsVersion = 14.3.1;
					};
				};
			};
			buildConfigurationList = F3841CD62B06970300152382 /* Build configuration list for PBXProject "HuskyTeamMatch_final" */;
			compatibilityVersion = "Xcode 14.0";
			developmentRegion = en;
			hasScannedForEncodings = 0;
			knownRegions = (
				en,
				Base,
			);
			mainGroup = F3841CD22B06970300152382;
			packageReferences = (
				F33364A92B07EBF500905648 /* XCRemoteSwiftPackageReference "firebase-ios-sdk" */,
			);
			productRefGroup = F3841CDC2B06970300152382 /* Products */;
			projectDirPath = "";
			projectRoot = "";
			targets = (
				F3841CDA2B06970300152382 /* HuskyTeamMatch_final */,
			);
		};
/* End PBXProject section */

/* Begin PBXResourcesBuildPhase section */
		F3841CD92B06970300152382 /* Resources */ = {
			isa = PBXResourcesBuildPhase;
			buildActionMask = 2147483647;
			files = (
				F3841CEB2B06970500152382 /* LaunchScreen.storyboard in Resources */,
				F3841CE82B06970500152382 /* Assets.xcassets in Resources */,
				F33364A82B07E90600905648 /* GoogleService-Info.plist in Resources */,
				F3841CF32B0698CB00152382 /* README.md in Resources */,
				F3841CE62B06970300152382 /* Main.storyboard in Resources */,
			);
			runOnlyForDeploymentPostprocessing = 0;
		};
/* End PBXResourcesBuildPhase section */

/* Begin PBXSourcesBuildPhase section */
		F3841CD72B06970300152382 /* Sources */ = {
			isa = PBXSourcesBuildPhase;
			buildActionMask = 2147483647;
			files = (
				1D4E0DCE2B071F4B0001F06A /* CommunityView.swift in Sources */,
				F3841CF52B069A9800152382 /* LandingView.swift in Sources */,
				F3841CFD2B06A38D00152382 /* SignupViewController.swift in Sources */,
				1D4E0DC52B071D590001F06A /* MyProfielView.swift in Sources */,
				1D4E0DC82B071E370001F06A /* TabNavBarViewController.swift in Sources */,
				F3841CE32B06970300152382 /* ViewController.swift in Sources */,
				1D4E0DC32B071D490001F06A /* MyProfileViewController.swift in Sources */,
				F3841CFA2B06A16D00152382 /* SigninViewController.swift in Sources */,
				F33364B52B07FAB800905648 /* SignupFirebaseManager.swift in Sources */,
				1D4E0DD02B071F590001F06A /* CommunityViewController.swift in Sources */,
				F3B260472B0804DF007ACD5D /* Utilities.swift in Sources */,
				1D4E0DCC2B071F220001F06A /* MyEventView.swift in Sources */,
				F3841CFF2B06A39D00152382 /* SignupView.swift in Sources */,
				F3841CF82B06A0F200152382 /* SigninView.swift in Sources */,
				1D4E0DCA2B071F130001F06A /* MyEventViewController.swift in Sources */,
				F3841CDF2B06970300152382 /* AppDelegate.swift in Sources */,
				F3841CE12B06970300152382 /* SceneDelegate.swift in Sources */,
			);
			runOnlyForDeploymentPostprocessing = 0;
		};
/* End PBXSourcesBuildPhase section */

/* Begin PBXVariantGroup section */
		F3841CE42B06970300152382 /* Main.storyboard */ = {
			isa = PBXVariantGroup;
			children = (
				F3841CE52B06970300152382 /* Base */,
			);
			name = Main.storyboard;
			sourceTree = "<group>";
		};
		F3841CE92B06970500152382 /* LaunchScreen.storyboard */ = {
			isa = PBXVariantGroup;
			children = (
				F3841CEA2B06970500152382 /* Base */,
			);
			name = LaunchScreen.storyboard;
			sourceTree = "<group>";
		};
/* End PBXVariantGroup section */

/* Begin XCBuildConfiguration section */
		F3841CED2B06970500152382 /* Debug */ = {
			isa = XCBuildConfiguration;
			buildSettings = {
				ALWAYS_SEARCH_USER_PATHS = NO;
				CLANG_ANALYZER_NONNULL = YES;
				CLANG_ANALYZER_NUMBER_OBJECT_CONVERSION = YES_AGGRESSIVE;
				CLANG_CXX_LANGUAGE_STANDARD = "gnu++20";
				CLANG_ENABLE_MODULES = YES;
				CLANG_ENABLE_OBJC_ARC = YES;
				CLANG_ENABLE_OBJC_WEAK = YES;
				CLANG_WARN_BLOCK_CAPTURE_AUTORELEASING = YES;
				CLANG_WARN_BOOL_CONVERSION = YES;
				CLANG_WARN_COMMA = YES;
				CLANG_WARN_CONSTANT_CONVERSION = YES;
				CLANG_WARN_DEPRECATED_OBJC_IMPLEMENTATIONS = YES;
				CLANG_WARN_DIRECT_OBJC_ISA_USAGE = YES_ERROR;
				CLANG_WARN_DOCUMENTATION_COMMENTS = YES;
				CLANG_WARN_EMPTY_BODY = YES;
				CLANG_WARN_ENUM_CONVERSION = YES;
				CLANG_WARN_INFINITE_RECURSION = YES;
				CLANG_WARN_INT_CONVERSION = YES;
				CLANG_WARN_NON_LITERAL_NULL_CONVERSION = YES;
				CLANG_WARN_OBJC_IMPLICIT_RETAIN_SELF = YES;
				CLANG_WARN_OBJC_LITERAL_CONVERSION = YES;
				CLANG_WARN_OBJC_ROOT_CLASS = YES_ERROR;
				CLANG_WARN_QUOTED_INCLUDE_IN_FRAMEWORK_HEADER = YES;
				CLANG_WARN_RANGE_LOOP_ANALYSIS = YES;
				CLANG_WARN_STRICT_PROTOTYPES = YES;
				CLANG_WARN_SUSPICIOUS_MOVE = YES;
				CLANG_WARN_UNGUARDED_AVAILABILITY = YES_AGGRESSIVE;
				CLANG_WARN_UNREACHABLE_CODE = YES;
				CLANG_WARN__DUPLICATE_METHOD_MATCH = YES;
				COPY_PHASE_STRIP = NO;
				DEBUG_INFORMATION_FORMAT = dwarf;
				ENABLE_STRICT_OBJC_MSGSEND = YES;
				ENABLE_TESTABILITY = YES;
				GCC_C_LANGUAGE_STANDARD = gnu11;
				GCC_DYNAMIC_NO_PIC = NO;
				GCC_NO_COMMON_BLOCKS = YES;
				GCC_OPTIMIZATION_LEVEL = 0;
				GCC_PREPROCESSOR_DEFINITIONS = (
					"DEBUG=1",
					"$(inherited)",
				);
				GCC_WARN_64_TO_32_BIT_CONVERSION = YES;
				GCC_WARN_ABOUT_RETURN_TYPE = YES_ERROR;
				GCC_WARN_UNDECLARED_SELECTOR = YES;
				GCC_WARN_UNINITIALIZED_AUTOS = YES_AGGRESSIVE;
				GCC_WARN_UNUSED_FUNCTION = YES;
				GCC_WARN_UNUSED_VARIABLE = YES;
				IPHONEOS_DEPLOYMENT_TARGET = 16.4;
				MTL_ENABLE_DEBUG_INFO = INCLUDE_SOURCE;
				MTL_FAST_MATH = YES;
				ONLY_ACTIVE_ARCH = YES;
				SDKROOT = iphoneos;
				SWIFT_ACTIVE_COMPILATION_CONDITIONS = DEBUG;
				SWIFT_OPTIMIZATION_LEVEL = "-Onone";
			};
			name = Debug;
		};
		F3841CEE2B06970500152382 /* Release */ = {
			isa = XCBuildConfiguration;
			buildSettings = {
				ALWAYS_SEARCH_USER_PATHS = NO;
				CLANG_ANALYZER_NONNULL = YES;
				CLANG_ANALYZER_NUMBER_OBJECT_CONVERSION = YES_AGGRESSIVE;
				CLANG_CXX_LANGUAGE_STANDARD = "gnu++20";
				CLANG_ENABLE_MODULES = YES;
				CLANG_ENABLE_OBJC_ARC = YES;
				CLANG_ENABLE_OBJC_WEAK = YES;
				CLANG_WARN_BLOCK_CAPTURE_AUTORELEASING = YES;
				CLANG_WARN_BOOL_CONVERSION = YES;
				CLANG_WARN_COMMA = YES;
				CLANG_WARN_CONSTANT_CONVERSION = YES;
				CLANG_WARN_DEPRECATED_OBJC_IMPLEMENTATIONS = YES;
				CLANG_WARN_DIRECT_OBJC_ISA_USAGE = YES_ERROR;
				CLANG_WARN_DOCUMENTATION_COMMENTS = YES;
				CLANG_WARN_EMPTY_BODY = YES;
				CLANG_WARN_ENUM_CONVERSION = YES;
				CLANG_WARN_INFINITE_RECURSION = YES;
				CLANG_WARN_INT_CONVERSION = YES;
				CLANG_WARN_NON_LITERAL_NULL_CONVERSION = YES;
				CLANG_WARN_OBJC_IMPLICIT_RETAIN_SELF = YES;
				CLANG_WARN_OBJC_LITERAL_CONVERSION = YES;
				CLANG_WARN_OBJC_ROOT_CLASS = YES_ERROR;
				CLANG_WARN_QUOTED_INCLUDE_IN_FRAMEWORK_HEADER = YES;
				CLANG_WARN_RANGE_LOOP_ANALYSIS = YES;
				CLANG_WARN_STRICT_PROTOTYPES = YES;
				CLANG_WARN_SUSPICIOUS_MOVE = YES;
				CLANG_WARN_UNGUARDED_AVAILABILITY = YES_AGGRESSIVE;
				CLANG_WARN_UNREACHABLE_CODE = YES;
				CLANG_WARN__DUPLICATE_METHOD_MATCH = YES;
				COPY_PHASE_STRIP = NO;
				DEBUG_INFORMATION_FORMAT = "dwarf-with-dsym";
				ENABLE_NS_ASSERTIONS = NO;
				ENABLE_STRICT_OBJC_MSGSEND = YES;
				GCC_C_LANGUAGE_STANDARD = gnu11;
				GCC_NO_COMMON_BLOCKS = YES;
				GCC_WARN_64_TO_32_BIT_CONVERSION = YES;
				GCC_WARN_ABOUT_RETURN_TYPE = YES_ERROR;
				GCC_WARN_UNDECLARED_SELECTOR = YES;
				GCC_WARN_UNINITIALIZED_AUTOS = YES_AGGRESSIVE;
				GCC_WARN_UNUSED_FUNCTION = YES;
				GCC_WARN_UNUSED_VARIABLE = YES;
				IPHONEOS_DEPLOYMENT_TARGET = 16.4;
				MTL_ENABLE_DEBUG_INFO = NO;
				MTL_FAST_MATH = YES;
				SDKROOT = iphoneos;
				SWIFT_COMPILATION_MODE = wholemodule;
				SWIFT_OPTIMIZATION_LEVEL = "-O";
				VALIDATE_PRODUCT = YES;
			};
			name = Release;
		};
		F3841CF02B06970500152382 /* Debug */ = {
			isa = XCBuildConfiguration;
			buildSettings = {
				ASSETCATALOG_COMPILER_APPICON_NAME = AppIcon;
				ASSETCATALOG_COMPILER_GLOBAL_ACCENT_COLOR_NAME = AccentColor;
				CODE_SIGN_STYLE = Automatic;
				CURRENT_PROJECT_VERSION = 1;
				DEVELOPMENT_TEAM = 3766SYD27L;
				GENERATE_INFOPLIST_FILE = YES;
				INFOPLIST_FILE = HuskyTeamMatch_final/Info.plist;
				INFOPLIST_KEY_UIApplicationSupportsIndirectInputEvents = YES;
				INFOPLIST_KEY_UILaunchStoryboardName = LaunchScreen;
				INFOPLIST_KEY_UIMainStoryboardFile = Main;
				INFOPLIST_KEY_UISupportedInterfaceOrientations_iPad = "UIInterfaceOrientationPortrait UIInterfaceOrientationPortraitUpsideDown UIInterfaceOrientationLandscapeLeft UIInterfaceOrientationLandscapeRight";
				INFOPLIST_KEY_UISupportedInterfaceOrientations_iPhone = "UIInterfaceOrientationPortrait UIInterfaceOrientationLandscapeLeft UIInterfaceOrientationLandscapeRight";
				LD_RUNPATH_SEARCH_PATHS = (
					"$(inherited)",
					"@executable_path/Frameworks",
				);
				MARKETING_VERSION = 1.0;
				PRODUCT_BUNDLE_IDENTIFIER = "com.nuios.HuskyTeamMatch-final";
				PRODUCT_NAME = "$(TARGET_NAME)";
				SWIFT_EMIT_LOC_STRINGS = YES;
				SWIFT_VERSION = 5.0;
				TARGETED_DEVICE_FAMILY = "1,2";
			};
			name = Debug;
		};
		F3841CF12B06970500152382 /* Release */ = {
			isa = XCBuildConfiguration;
			buildSettings = {
				ASSETCATALOG_COMPILER_APPICON_NAME = AppIcon;
				ASSETCATALOG_COMPILER_GLOBAL_ACCENT_COLOR_NAME = AccentColor;
				CODE_SIGN_STYLE = Automatic;
				CURRENT_PROJECT_VERSION = 1;
				DEVELOPMENT_TEAM = 3766SYD27L;
				GENERATE_INFOPLIST_FILE = YES;
				INFOPLIST_FILE = HuskyTeamMatch_final/Info.plist;
				INFOPLIST_KEY_UIApplicationSupportsIndirectInputEvents = YES;
				INFOPLIST_KEY_UILaunchStoryboardName = LaunchScreen;
				INFOPLIST_KEY_UIMainStoryboardFile = Main;
				INFOPLIST_KEY_UISupportedInterfaceOrientations_iPad = "UIInterfaceOrientationPortrait UIInterfaceOrientationPortraitUpsideDown UIInterfaceOrientationLandscapeLeft UIInterfaceOrientationLandscapeRight";
				INFOPLIST_KEY_UISupportedInterfaceOrientations_iPhone = "UIInterfaceOrientationPortrait UIInterfaceOrientationLandscapeLeft UIInterfaceOrientationLandscapeRight";
				LD_RUNPATH_SEARCH_PATHS = (
					"$(inherited)",
					"@executable_path/Frameworks",
				);
				MARKETING_VERSION = 1.0;
				PRODUCT_BUNDLE_IDENTIFIER = "com.nuios.HuskyTeamMatch-final";
				PRODUCT_NAME = "$(TARGET_NAME)";
				SWIFT_EMIT_LOC_STRINGS = YES;
				SWIFT_VERSION = 5.0;
				TARGETED_DEVICE_FAMILY = "1,2";
			};
			name = Release;
		};
/* End XCBuildConfiguration section */

/* Begin XCConfigurationList section */
		F3841CD62B06970300152382 /* Build configuration list for PBXProject "HuskyTeamMatch_final" */ = {
			isa = XCConfigurationList;
			buildConfigurations = (
				F3841CED2B06970500152382 /* Debug */,
				F3841CEE2B06970500152382 /* Release */,
			);
			defaultConfigurationIsVisible = 0;
			defaultConfigurationName = Release;
		};
		F3841CEF2B06970500152382 /* Build configuration list for PBXNativeTarget "HuskyTeamMatch_final" */ = {
			isa = XCConfigurationList;
			buildConfigurations = (
				F3841CF02B06970500152382 /* Debug */,
				F3841CF12B06970500152382 /* Release */,
			);
			defaultConfigurationIsVisible = 0;
			defaultConfigurationName = Release;
		};
/* End XCConfigurationList section */

/* Begin XCRemoteSwiftPackageReference section */
		F33364A92B07EBF500905648 /* XCRemoteSwiftPackageReference "firebase-ios-sdk" */ = {
			isa = XCRemoteSwiftPackageReference;
			repositoryURL = "https://github.com/firebase/firebase-ios-sdk";
			requirement = {
				kind = upToNextMajorVersion;
				minimumVersion = 10.0.0;
			};
		};
/* End XCRemoteSwiftPackageReference section */

/* Begin XCSwiftPackageProductDependency section */
		F33364AA2B07EBF500905648 /* FirebaseAuth */ = {
			isa = XCSwiftPackageProductDependency;
			package = F33364A92B07EBF500905648 /* XCRemoteSwiftPackageReference "firebase-ios-sdk" */;
			productName = FirebaseAuth;
		};
		F33364AC2B07EBF500905648 /* FirebaseFirestore */ = {
			isa = XCSwiftPackageProductDependency;
			package = F33364A92B07EBF500905648 /* XCRemoteSwiftPackageReference "firebase-ios-sdk" */;
			productName = FirebaseFirestore;
		};
		F33364AE2B07EBF500905648 /* FirebaseFirestoreSwift */ = {
			isa = XCSwiftPackageProductDependency;
			package = F33364A92B07EBF500905648 /* XCRemoteSwiftPackageReference "firebase-ios-sdk" */;
			productName = FirebaseFirestoreSwift;
		};
		F33364B02B07EBF500905648 /* FirebaseStorage */ = {
			isa = XCSwiftPackageProductDependency;
			package = F33364A92B07EBF500905648 /* XCRemoteSwiftPackageReference "firebase-ios-sdk" */;
			productName = FirebaseStorage;
		};
/* End XCSwiftPackageProductDependency section */
	};
	rootObject = F3841CD32B06970300152382 /* Project object */;
}
